
Microsoft Visual Studio Solution File, Format Version 12.00
# Visual Studio Version 16
VisualStudioVersion = 16.0.30611.23
MinimumVisualStudioVersion = 10.0.40219.1
Project("{9A19103F-16F7-4668-BE54-9A1E7A4F7556}") = "1.1", "1.1\1.1.csproj", "{56DFBEEF-F90E-4EB5-A575-4A062680728F}"
EndProject
Project("{9A19103F-16F7-4668-BE54-9A1E7A4F7556}") = "1.2", "1.2\1.2.csproj", "{FAB6D037-A2F1-46CB-AA40-9B5FDA1AD68E}"
EndProject
Project("{9A19103F-16F7-4668-BE54-9A1E7A4F7556}") = "2.1", "2.1\2.1.csproj", "{E89FAECC-3B68-42CB-80E5-CBD7E0815880}"
EndProject
Project("{9A19103F-16F7-4668-BE54-9A1E7A4F7556}") = "2.2", "2.2\2.2.csproj", "{AE3DE1C3-A568-4708-9B3E-DF1431498243}"
EndProject
Project("{9A19103F-16F7-4668-BE54-9A1E7A4F7556}") = "3.1", "3.1\3.1.csproj", "{C2E73921-A260-4469-9996-96CB29988C08}"
EndProject
Project("{9A19103F-16F7-4668-BE54-9A1E7A4F7556}") = "3.2", "3.2\3.2.csproj", "{A24EA800-7E01-4687-A93C-94014FEB99F4}"
EndProject
Project("{FAE04EC0-301F-11D3-BF4B-00C04F79EFBC}") = "4.1", "4.1\4.1.csproj", "{E13DB44E-B1EB-41A0-A5D7-01563A17DE00}"
EndProject
Project("{FAE04EC0-301F-11D3-BF4B-00C04F79EFBC}") = "4.2", "4.2\4.2.csproj", "{A5815729-81AE-40FC-AC29-A96E116B9565}"
EndProject
Global
	GlobalSection(SolutionConfigurationPlatforms) = preSolution
		Debug|Any CPU = Debug|Any CPU
		Release|Any CPU = Release|Any CPU
	EndGlobalSection
	GlobalSection(ProjectConfigurationPlatforms) = postSolution
		{56DFBEEF-F90E-4EB5-A575-4A062680728F}.Debug|Any CPU.ActiveCfg = Debug|Any CPU
		{56DFBEEF-F90E-4EB5-A575-4A062680728F}.Debug|Any CPU.Build.0 = Debug|Any CPU
		{56DFBEEF-F90E-4EB5-A575-4A062680728F}.Release|Any CPU.ActiveCfg = Release|Any CPU
		{56DFBEEF-F90E-4EB5-A575-4A062680728F}.Release|Any CPU.Build.0 = Release|Any CPU
		{FAB6D037-A2F1-46CB-AA40-9B5FDA1AD68E}.Debug|Any CPU.ActiveCfg = Debug|Any CPU
		{FAB6D037-A2F1-46CB-AA40-9B5FDA1AD68E}.Debug|Any CPU.Build.0 = Debug|Any CPU
		{FAB6D037-A2F1-46CB-AA40-9B5FDA1AD68E}.Release|Any CPU.ActiveCfg = Release|Any CPU
		{FAB6D037-A2F1-46CB-AA40-9B5FDA1AD68E}.Release|Any CPU.Build.0 = Release|Any CPU
		{E89FAECC-3B68-42CB-80E5-CBD7E0815880}.Debug|Any CPU.ActiveCfg = Debug|Any CPU
		{E89FAECC-3B68-42CB-80E5-CBD7E0815880}.Debug|Any CPU.Build.0 = Debug|Any CPU
		{E89FAECC-3B68-42CB-80E5-CBD7E0815880}.Release|Any CPU.ActiveCfg = Release|Any CPU
		{E89FAECC-3B68-42CB-80E5-CBD7E0815880}.Release|Any CPU.Build.0 = Release|Any CPU
		{AE3DE1C3-A568-4708-9B3E-DF1431498243}.Debug|Any CPU.ActiveCfg = Debug|Any CPU
		{AE3DE1C3-A568-4708-9B3E-DF1431498243}.Debug|Any CPU.Build.0 = Debug|Any CPU
		{AE3DE1C3-A568-4708-9B3E-DF1431498243}.Release|Any CPU.ActiveCfg = Release|Any CPU
		{AE3DE1C3-A568-4708-9B3E-DF1431498243}.Release|Any CPU.Build.0 = Release|Any CPU
		{C2E73921-A260-4469-9996-96CB29988C08}.Debug|Any CPU.ActiveCfg = Debug|Any CPU
		{C2E73921-A260-4469-9996-96CB29988C08}.Debug|Any CPU.Build.0 = Debug|Any CPU
		{C2E73921-A260-4469-9996-96CB29988C08}.Release|Any CPU.ActiveCfg = Release|Any CPU
		{C2E73921-A260-4469-9996-96CB29988C08}.Release|Any CPU.Build.0 = Release|Any CPU
		{A24EA800-7E01-4687-A93C-94014FEB99F4}.Debug|Any CPU.ActiveCfg = Debug|Any CPU
		{A24EA800-7E01-4687-A93C-94014FEB99F4}.Debug|Any CPU.Build.0 = Debug|Any CPU
		{A24EA800-7E01-4687-A93C-94014FEB99F4}.Release|Any CPU.ActiveCfg = Release|Any CPU
		{A24EA800-7E01-4687-A93C-94014FEB99F4}.Release|Any CPU.Build.0 = Release|Any CPU
		{E13DB44E-B1EB-41A0-A5D7-01563A17DE00}.Debug|Any CPU.ActiveCfg = Debug|Any CPU
		{E13DB44E-B1EB-41A0-A5D7-01563A17DE00}.Debug|Any CPU.Build.0 = Debug|Any CPU
		{E13DB44E-B1EB-41A0-A5D7-01563A17DE00}.Release|Any CPU.ActiveCfg = Release|Any CPU
		{E13DB44E-B1EB-41A0-A5D7-01563A17DE00}.Release|Any CPU.Build.0 = Release|Any CPU
		{A5815729-81AE-40FC-AC29-A96E116B9565}.Debug|Any CPU.ActiveCfg = Debug|Any CPU
		{A5815729-81AE-40FC-AC29-A96E116B9565}.Debug|Any CPU.Build.0 = Debug|Any CPU
		{A5815729-81AE-40FC-AC29-A96E116B9565}.Release|Any CPU.ActiveCfg = Release|Any CPU
		{A5815729-81AE-40FC-AC29-A96E116B9565}.Release|Any CPU.Build.0 = Release|Any CPU
	EndGlobalSection
	GlobalSection(SolutionProperties) = preSolution
		HideSolutionNode = FALSE
	EndGlobalSection
	GlobalSection(ExtensibilityGlobals) = postSolution
		SolutionGuid = {B0C9CBFF-A85C-44A9-BEEA-18F30E99D1CD}
	EndGlobalSection
EndGlobal
